
Microsoft Visual Studio Solution File, Format Version 12.00
# Visual Studio Version 17
VisualStudioVersion = 17.5.33424.131
MinimumVisualStudioVersion = 10.0.40219.1
Project("{FAE04EC0-301F-11D3-BF4B-00C04F79EFBC}") = "Foodie", "Foodie\Foodie.csproj", "{FD40A832-8BA5-4366-BCBF-28492B0B6648}"
EndProject
Global
	GlobalSection(SolutionConfigurationPlatforms) = preSolution
		Debug|Any CPU = Debug|Any CPU
		Release|Any CPU = Release|Any CPU
	EndGlobalSection
	GlobalSection(ProjectConfigurationPlatforms) = postSolution
		{FD40A832-8BA5-4366-BCBF-28492B0B6648}.Debug|Any CPU.ActiveCfg = Debug|Any CPU
		{FD40A832-8BA5-4366-BCBF-28492B0B6648}.Debug|Any CPU.Build.0 = Debug|Any CPU
		{FD40A832-8BA5-4366-BCBF-28492B0B6648}.Release|Any CPU.ActiveCfg = Release|Any CPU
		{FD40A832-8BA5-4366-BCBF-28492B0B6648}.Release|Any CPU.Build.0 = Release|Any CPU
	EndGlobalSection
	GlobalSection(SolutionProperties) = preSolution
		HideSolutionNode = FALSE
	EndGlobalSection
	GlobalSection(ExtensibilityGlobals) = postSolution
		SolutionGuid = {3BF8CEF6-FD43-4BBA-BD93-853B154B4688}
	EndGlobalSection
EndGlobal
